
Microsoft Visual Studio Solution File, Format Version 12.00
# Visual Studio Version 16
VisualStudioVersion = 16.0.30804.86
MinimumVisualStudioVersion = 10.0.40219.1
Project("{9A19103F-16F7-4668-BE54-9A1E7A4F7556}") = "GestRehema", "GestRehema.csproj", "{46EC583E-10A8-4350-BB64-4E10CCDB5AA4}"
EndProject
Global
	GlobalSection(SolutionConfigurationPlatforms) = preSolution
		Debug|Any CPU = Debug|Any CPU
		Release|Any CPU = Release|Any CPU
	EndGlobalSection
	GlobalSection(ProjectConfigurationPlatforms) = postSolution
		{46EC583E-10A8-4350-BB64-4E10CCDB5AA4}.Debug|Any CPU.ActiveCfg = Debug|Any CPU
		{46EC583E-10A8-4350-BB64-4E10CCDB5AA4}.Debug|Any CPU.Build.0 = Debug|Any CPU
		{46EC583E-10A8-4350-BB64-4E10CCDB5AA4}.Release|Any CPU.ActiveCfg = Release|Any CPU
		{46EC583E-10A8-4350-BB64-4E10CCDB5AA4}.Release|Any CPU.Build.0 = Release|Any CPU
	EndGlobalSection
	GlobalSection(SolutionProperties) = preSolution
		HideSolutionNode = FALSE
	EndGlobalSection
	GlobalSection(ExtensibilityGlobals) = postSolution
		SolutionGuid = {339E8172-A5D0-49D6-9594-945F4AF1F848}
	EndGlobalSection
EndGlobal
