
Microsoft Visual Studio Solution File, Format Version 12.00
# Visual Studio Version 16
VisualStudioVersion = 16.0.30804.86
MinimumVisualStudioVersion = 10.0.40219.1
Project("{9A19103F-16F7-4668-BE54-9A1E7A4F7556}") = "GestRehema", "GestRehema.csproj", "{46EC583E-10A8-4350-BB64-4E10CCDB5AA4}"
EndProject
Project("{C7167F0D-BC9F-4E6E-AFE1-012C56B48DB5}") = "GestRehema.Packaging", "..\GestRehema.Packaging\GestRehema.Packaging.wapproj", "{825F659D-C43E-40F0-8C79-C1BD22663CE9}"
EndProject
Global
	GlobalSection(SolutionConfigurationPlatforms) = preSolution
		Debug|Any CPU = Debug|Any CPU
		Debug|ARM = Debug|ARM
		Debug|ARM64 = Debug|ARM64
		Debug|x64 = Debug|x64
		Debug|x86 = Debug|x86
		Release|Any CPU = Release|Any CPU
		Release|ARM = Release|ARM
		Release|ARM64 = Release|ARM64
		Release|x64 = Release|x64
		Release|x86 = Release|x86
	EndGlobalSection
	GlobalSection(ProjectConfigurationPlatforms) = postSolution
		{46EC583E-10A8-4350-BB64-4E10CCDB5AA4}.Debug|Any CPU.ActiveCfg = Debug|Any CPU
		{46EC583E-10A8-4350-BB64-4E10CCDB5AA4}.Debug|Any CPU.Build.0 = Debug|Any CPU
		{46EC583E-10A8-4350-BB64-4E10CCDB5AA4}.Debug|ARM.ActiveCfg = Debug|Any CPU
		{46EC583E-10A8-4350-BB64-4E10CCDB5AA4}.Debug|ARM.Build.0 = Debug|Any CPU
		{46EC583E-10A8-4350-BB64-4E10CCDB5AA4}.Debug|ARM64.ActiveCfg = Debug|Any CPU
		{46EC583E-10A8-4350-BB64-4E10CCDB5AA4}.Debug|ARM64.Build.0 = Debug|Any CPU
		{46EC583E-10A8-4350-BB64-4E10CCDB5AA4}.Debug|x64.ActiveCfg = Debug|Any CPU
		{46EC583E-10A8-4350-BB64-4E10CCDB5AA4}.Debug|x64.Build.0 = Debug|Any CPU
		{46EC583E-10A8-4350-BB64-4E10CCDB5AA4}.Debug|x86.ActiveCfg = Debug|Any CPU
		{46EC583E-10A8-4350-BB64-4E10CCDB5AA4}.Debug|x86.Build.0 = Debug|Any CPU
		{46EC583E-10A8-4350-BB64-4E10CCDB5AA4}.Release|Any CPU.ActiveCfg = Release|Any CPU
		{46EC583E-10A8-4350-BB64-4E10CCDB5AA4}.Release|Any CPU.Build.0 = Release|Any CPU
		{46EC583E-10A8-4350-BB64-4E10CCDB5AA4}.Release|ARM.ActiveCfg = Release|Any CPU
		{46EC583E-10A8-4350-BB64-4E10CCDB5AA4}.Release|ARM.Build.0 = Release|Any CPU
		{46EC583E-10A8-4350-BB64-4E10CCDB5AA4}.Release|ARM64.ActiveCfg = Release|Any CPU
		{46EC583E-10A8-4350-BB64-4E10CCDB5AA4}.Release|ARM64.Build.0 = Release|Any CPU
		{46EC583E-10A8-4350-BB64-4E10CCDB5AA4}.Release|x64.ActiveCfg = Release|Any CPU
		{46EC583E-10A8-4350-BB64-4E10CCDB5AA4}.Release|x64.Build.0 = Release|Any CPU
		{46EC583E-10A8-4350-BB64-4E10CCDB5AA4}.Release|x86.ActiveCfg = Release|Any CPU
		{46EC583E-10A8-4350-BB64-4E10CCDB5AA4}.Release|x86.Build.0 = Release|Any CPU
		{825F659D-C43E-40F0-8C79-C1BD22663CE9}.Debug|Any CPU.ActiveCfg = Debug|Any CPU
		{825F659D-C43E-40F0-8C79-C1BD22663CE9}.Debug|Any CPU.Build.0 = Debug|Any CPU
		{825F659D-C43E-40F0-8C79-C1BD22663CE9}.Debug|Any CPU.Deploy.0 = Debug|Any CPU
		{825F659D-C43E-40F0-8C79-C1BD22663CE9}.Debug|ARM.ActiveCfg = Debug|ARM
		{825F659D-C43E-40F0-8C79-C1BD22663CE9}.Debug|ARM.Build.0 = Debug|ARM
		{825F659D-C43E-40F0-8C79-C1BD22663CE9}.Debug|ARM.Deploy.0 = Debug|ARM
		{825F659D-C43E-40F0-8C79-C1BD22663CE9}.Debug|ARM64.ActiveCfg = Debug|ARM64
		{825F659D-C43E-40F0-8C79-C1BD22663CE9}.Debug|ARM64.Build.0 = Debug|ARM64
		{825F659D-C43E-40F0-8C79-C1BD22663CE9}.Debug|ARM64.Deploy.0 = Debug|ARM64
		{825F659D-C43E-40F0-8C79-C1BD22663CE9}.Debug|x64.ActiveCfg = Debug|x64
		{825F659D-C43E-40F0-8C79-C1BD22663CE9}.Debug|x64.Build.0 = Debug|x64
		{825F659D-C43E-40F0-8C79-C1BD22663CE9}.Debug|x64.Deploy.0 = Debug|x64
		{825F659D-C43E-40F0-8C79-C1BD22663CE9}.Debug|x86.ActiveCfg = Debug|x86
		{825F659D-C43E-40F0-8C79-C1BD22663CE9}.Debug|x86.Build.0 = Debug|x86
		{825F659D-C43E-40F0-8C79-C1BD22663CE9}.Debug|x86.Deploy.0 = Debug|x86
		{825F659D-C43E-40F0-8C79-C1BD22663CE9}.Release|Any CPU.ActiveCfg = Release|Any CPU
		{825F659D-C43E-40F0-8C79-C1BD22663CE9}.Release|Any CPU.Build.0 = Release|Any CPU
		{825F659D-C43E-40F0-8C79-C1BD22663CE9}.Release|Any CPU.Deploy.0 = Release|Any CPU
		{825F659D-C43E-40F0-8C79-C1BD22663CE9}.Release|ARM.ActiveCfg = Release|ARM
		{825F659D-C43E-40F0-8C79-C1BD22663CE9}.Release|ARM.Build.0 = Release|ARM
		{825F659D-C43E-40F0-8C79-C1BD22663CE9}.Release|ARM.Deploy.0 = Release|ARM
		{825F659D-C43E-40F0-8C79-C1BD22663CE9}.Release|ARM64.ActiveCfg = Release|ARM64
		{825F659D-C43E-40F0-8C79-C1BD22663CE9}.Release|ARM64.Build.0 = Release|ARM64
		{825F659D-C43E-40F0-8C79-C1BD22663CE9}.Release|ARM64.Deploy.0 = Release|ARM64
		{825F659D-C43E-40F0-8C79-C1BD22663CE9}.Release|x64.ActiveCfg = Release|x64
		{825F659D-C43E-40F0-8C79-C1BD22663CE9}.Release|x64.Build.0 = Release|x64
		{825F659D-C43E-40F0-8C79-C1BD22663CE9}.Release|x64.Deploy.0 = Release|x64
		{825F659D-C43E-40F0-8C79-C1BD22663CE9}.Release|x86.ActiveCfg = Release|x86
		{825F659D-C43E-40F0-8C79-C1BD22663CE9}.Release|x86.Build.0 = Release|x86
		{825F659D-C43E-40F0-8C79-C1BD22663CE9}.Release|x86.Deploy.0 = Release|x86
	EndGlobalSection
	GlobalSection(SolutionProperties) = preSolution
		HideSolutionNode = FALSE
	EndGlobalSection
	GlobalSection(ExtensibilityGlobals) = postSolution
		SolutionGuid = {339E8172-A5D0-49D6-9594-945F4AF1F848}
	EndGlobalSection
EndGlobal
